// !$*UTF8*$!
{
	archiveVersion = 1;
	classes = {
	};
	objectVersion = 56;
	objects = {

/* Begin PBXBuildFile section */
		66C4736428F4734000160F1B /* AppDelegate.swift in Sources */ = {isa = PBXBuildFile; fileRef = 66C4736328F4734000160F1B /* AppDelegate.swift */; };
		66C4736628F4734000160F1B /* SceneDelegate.swift in Sources */ = {isa = PBXBuildFile; fileRef = 66C4736528F4734000160F1B /* SceneDelegate.swift */; };
		66C4736828F4734000160F1B /* TodoListViewController.swift in Sources */ = {isa = PBXBuildFile; fileRef = 66C4736728F4734000160F1B /* TodoListViewController.swift */; };
		66C4736B28F4734000160F1B /* Main.storyboard in Resources */ = {isa = PBXBuildFile; fileRef = 66C4736928F4734000160F1B /* Main.storyboard */; };
		66C4736E28F4734000160F1B /* ApolloToDoList.xcdatamodeld in Sources */ = {isa = PBXBuildFile; fileRef = 66C4736C28F4734000160F1B /* ApolloToDoList.xcdatamodeld */; };
		66C4737028F4734100160F1B /* Assets.xcassets in Resources */ = {isa = PBXBuildFile; fileRef = 66C4736F28F4734100160F1B /* Assets.xcassets */; };
		66C4737328F4734100160F1B /* LaunchScreen.storyboard in Resources */ = {isa = PBXBuildFile; fileRef = 66C4737128F4734100160F1B /* LaunchScreen.storyboard */; };
		66C4738128F6CEAD00160F1B /* Item.swift in Sources */ = {isa = PBXBuildFile; fileRef = 66C4738028F6CEAD00160F1B /* Item.swift */; };
/* End PBXBuildFile section */

/* Begin PBXFileReference section */
		66C4736028F4734000160F1B /* ApolloToDoList.app */ = {isa = PBXFileReference; explicitFileType = wrapper.application; includeInIndex = 0; path = ApolloToDoList.app; sourceTree = BUILT_PRODUCTS_DIR; };
		66C4736328F4734000160F1B /* AppDelegate.swift */ = {isa = PBXFileReference; lastKnownFileType = sourcecode.swift; path = AppDelegate.swift; sourceTree = "<group>"; };
		66C4736528F4734000160F1B /* SceneDelegate.swift */ = {isa = PBXFileReference; lastKnownFileType = sourcecode.swift; path = SceneDelegate.swift; sourceTree = "<group>"; };
		66C4736728F4734000160F1B /* TodoListViewController.swift */ = {isa = PBXFileReference; lastKnownFileType = sourcecode.swift; path = TodoListViewController.swift; sourceTree = "<group>"; };
		66C4736A28F4734000160F1B /* Base */ = {isa = PBXFileReference; lastKnownFileType = file.storyboard; name = Base; path = Base.lproj/Main.storyboard; sourceTree = "<group>"; };
		66C4736D28F4734000160F1B /* ApolloToDoList.xcdatamodel */ = {isa = PBXFileReference; lastKnownFileType = wrapper.xcdatamodel; path = ApolloToDoList.xcdatamodel; sourceTree = "<group>"; };
		66C4736F28F4734100160F1B /* Assets.xcassets */ = {isa = PBXFileReference; lastKnownFileType = folder.assetcatalog; path = Assets.xcassets; sourceTree = "<group>"; };
		66C4737228F4734100160F1B /* Base */ = {isa = PBXFileReference; lastKnownFileType = file.storyboard; name = Base; path = Base.lproj/LaunchScreen.storyboard; sourceTree = "<group>"; };
		66C4737428F4734100160F1B /* Info.plist */ = {isa = PBXFileReference; lastKnownFileType = text.plist.xml; path = Info.plist; sourceTree = "<group>"; };
		66C4738028F6CEAD00160F1B /* Item.swift */ = {isa = PBXFileReference; lastKnownFileType = sourcecode.swift; path = Item.swift; sourceTree = "<group>"; };
/* End PBXFileReference section */

/* Begin PBXFrameworksBuildPhase section */
		66C4735D28F4734000160F1B /* Frameworks */ = {
			isa = PBXFrameworksBuildPhase;
			buildActionMask = 2147483647;
			files = (
			);
			runOnlyForDeploymentPostprocessing = 0;
		};
/* End PBXFrameworksBuildPhase section */

/* Begin PBXGroup section */
		66C4735728F4734000160F1B = {
			isa = PBXGroup;
			children = (
				66C4736228F4734000160F1B /* ApolloToDoList */,
				66C4736128F4734000160F1B /* Products */,
			);
			sourceTree = "<group>";
		};
		66C4736128F4734000160F1B /* Products */ = {
			isa = PBXGroup;
			children = (
				66C4736028F4734000160F1B /* ApolloToDoList.app */,
			);
			name = Products;
			sourceTree = "<group>";
		};
		66C4736228F4734000160F1B /* ApolloToDoList */ = {
			isa = PBXGroup;
			children = (
				66C4736328F4734000160F1B /* AppDelegate.swift */,
				66C4736528F4734000160F1B /* SceneDelegate.swift */,
				66C4737C28F6CDBC00160F1B /* Data Model */,
				66C4737D28F6CDCD00160F1B /* Controllers */,
				66C4737E28F6CDDC00160F1B /* Views */,
				66C4737F28F6CDF200160F1B /* Supporting Files */,
				66C4737428F4734100160F1B /* Info.plist */,
				66C4736C28F4734000160F1B /* ApolloToDoList.xcdatamodeld */,
			);
			path = ApolloToDoList;
			sourceTree = "<group>";
		};
		66C4737C28F6CDBC00160F1B /* Data Model */ = {
			isa = PBXGroup;
			children = (
				66C4738028F6CEAD00160F1B /* Item.swift */,
			);
			path = "Data Model";
			sourceTree = "<group>";
		};
		66C4737D28F6CDCD00160F1B /* Controllers */ = {
			isa = PBXGroup;
			children = (
				66C4736728F4734000160F1B /* TodoListViewController.swift */,
			);
			path = Controllers;
			sourceTree = "<group>";
		};
		66C4737E28F6CDDC00160F1B /* Views */ = {
			isa = PBXGroup;
			children = (
				66C4736928F4734000160F1B /* Main.storyboard */,
			);
			path = Views;
			sourceTree = "<group>";
		};
		66C4737F28F6CDF200160F1B /* Supporting Files */ = {
			isa = PBXGroup;
			children = (
				66C4736F28F4734100160F1B /* Assets.xcassets */,
				66C4737128F4734100160F1B /* LaunchScreen.storyboard */,
			);
			path = "Supporting Files";
			sourceTree = "<group>";
		};
/* End PBXGroup section */

/* Begin PBXNativeTarget section */
		66C4735F28F4734000160F1B /* ApolloToDoList */ = {
			isa = PBXNativeTarget;
			buildConfigurationList = 66C4737728F4734100160F1B /* Build configuration list for PBXNativeTarget "ApolloToDoList" */;
			buildPhases = (
				66C4735C28F4734000160F1B /* Sources */,
				66C4735D28F4734000160F1B /* Frameworks */,
				66C4735E28F4734000160F1B /* Resources */,
			);
			buildRules = (
			);
			dependencies = (
			);
			name = ApolloToDoList;
			productName = ApolloToDoList;
			productReference = 66C4736028F4734000160F1B /* ApolloToDoList.app */;
			productType = "com.apple.product-type.application";
		};
/* End PBXNativeTarget section */

/* Begin PBXProject section */
		66C4735828F4734000160F1B /* Project object */ = {
			isa = PBXProject;
			attributes = {
				BuildIndependentTargetsInParallel = 1;
				LastSwiftUpdateCheck = 1400;
				LastUpgradeCheck = 1400;
				TargetAttributes = {
					66C4735F28F4734000160F1B = {
						CreatedOnToolsVersion = 14.0.1;
					};
				};
			};
			buildConfigurationList = 66C4735B28F4734000160F1B /* Build configuration list for PBXProject "ApolloToDoList" */;
			compatibilityVersion = "Xcode 14.0";
			developmentRegion = en;
			hasScannedForEncodings = 0;
			knownRegions = (
				en,
				Base,
			);
			mainGroup = 66C4735728F4734000160F1B;
			productRefGroup = 66C4736128F4734000160F1B /* Products */;
			projectDirPath = "";
			projectRoot = "";
			targets = (
				66C4735F28F4734000160F1B /* ApolloToDoList */,
			);
		};
/* End PBXProject section */

/* Begin PBXResourcesBuildPhase section */
		66C4735E28F4734000160F1B /* Resources */ = {
			isa = PBXResourcesBuildPhase;
			buildActionMask = 2147483647;
			files = (
				66C4737328F4734100160F1B /* LaunchScreen.storyboard in Resources */,
				66C4737028F4734100160F1B /* Assets.xcassets in Resources */,
				66C4736B28F4734000160F1B /* Main.storyboard in Resources */,
			);
			runOnlyForDeploymentPostprocessing = 0;
		};
/* End PBXResourcesBuildPhase section */

/* Begin PBXSourcesBuildPhase section */
		66C4735C28F4734000160F1B /* Sources */ = {
			isa = PBXSourcesBuildPhase;
			buildActionMask = 2147483647;
			files = (
				66C4738128F6CEAD00160F1B /* Item.swift in Sources */,
				66C4736E28F4734000160F1B /* ApolloToDoList.xcdatamodeld in Sources */,
				66C4736828F4734000160F1B /* TodoListViewController.swift in Sources */,
				66C4736428F4734000160F1B /* AppDelegate.swift in Sources */,
				66C4736628F4734000160F1B /* SceneDelegate.swift in Sources */,
			);
			runOnlyForDeploymentPostprocessing = 0;
		};
/* End PBXSourcesBuildPhase section */

/* Begin PBXVariantGroup section */
		66C4736928F4734000160F1B /* Main.storyboard */ = {
			isa = PBXVariantGroup;
			children = (
				66C4736A28F4734000160F1B /* Base */,
			);
			name = Main.storyboard;
			sourceTree = "<group>";
		};
		66C4737128F4734100160F1B /* LaunchScreen.storyboard */ = {
			isa = PBXVariantGroup;
			children = (
				66C4737228F4734100160F1B /* Base */,
			);
			name = LaunchScreen.storyboard;
			sourceTree = "<group>";
		};
/* End PBXVariantGroup section */

/* Begin XCBuildConfiguration section */
		66C4737528F4734100160F1B /* Debug */ = {
			isa = XCBuildConfiguration;
			buildSettings = {
				ALWAYS_SEARCH_USER_PATHS = NO;
				CLANG_ANALYZER_NONNULL = YES;
				CLANG_ANALYZER_NUMBER_OBJECT_CONVERSION = YES_AGGRESSIVE;
				CLANG_CXX_LANGUAGE_STANDARD = "gnu++20";
				CLANG_ENABLE_MODULES = YES;
				CLANG_ENABLE_OBJC_ARC = YES;
				CLANG_ENABLE_OBJC_WEAK = YES;
				CLANG_WARN_BLOCK_CAPTURE_AUTORELEASING = YES;
				CLANG_WARN_BOOL_CONVERSION = YES;
				CLANG_WARN_COMMA = YES;
				CLANG_WARN_CONSTANT_CONVERSION = YES;
				CLANG_WARN_DEPRECATED_OBJC_IMPLEMENTATIONS = YES;
				CLANG_WARN_DIRECT_OBJC_ISA_USAGE = YES_ERROR;
				CLANG_WARN_DOCUMENTATION_COMMENTS = YES;
				CLANG_WARN_EMPTY_BODY = YES;
				CLANG_WARN_ENUM_CONVERSION = YES;
				CLANG_WARN_INFINITE_RECURSION = YES;
				CLANG_WARN_INT_CONVERSION = YES;
				CLANG_WARN_NON_LITERAL_NULL_CONVERSION = YES;
				CLANG_WARN_OBJC_IMPLICIT_RETAIN_SELF = YES;
				CLANG_WARN_OBJC_LITERAL_CONVERSION = YES;
				CLANG_WARN_OBJC_ROOT_CLASS = YES_ERROR;
				CLANG_WARN_QUOTED_INCLUDE_IN_FRAMEWORK_HEADER = YES;
				CLANG_WARN_RANGE_LOOP_ANALYSIS = YES;
				CLANG_WARN_STRICT_PROTOTYPES = YES;
				CLANG_WARN_SUSPICIOUS_MOVE = YES;
				CLANG_WARN_UNGUARDED_AVAILABILITY = YES_AGGRESSIVE;
				CLANG_WARN_UNREACHABLE_CODE = YES;
				CLANG_WARN__DUPLICATE_METHOD_MATCH = YES;
				COPY_PHASE_STRIP = NO;
				DEBUG_INFORMATION_FORMAT = dwarf;
				ENABLE_STRICT_OBJC_MSGSEND = YES;
				ENABLE_TESTABILITY = YES;
				GCC_C_LANGUAGE_STANDARD = gnu11;
				GCC_DYNAMIC_NO_PIC = NO;
				GCC_NO_COMMON_BLOCKS = YES;
				GCC_OPTIMIZATION_LEVEL = 0;
				GCC_PREPROCESSOR_DEFINITIONS = (
					"DEBUG=1",
					"$(inherited)",
				);
				GCC_WARN_64_TO_32_BIT_CONVERSION = YES;
				GCC_WARN_ABOUT_RETURN_TYPE = YES_ERROR;
				GCC_WARN_UNDECLARED_SELECTOR = YES;
				GCC_WARN_UNINITIALIZED_AUTOS = YES_AGGRESSIVE;
				GCC_WARN_UNUSED_FUNCTION = YES;
				GCC_WARN_UNUSED_VARIABLE = YES;
				IPHONEOS_DEPLOYMENT_TARGET = 16.0;
				MTL_ENABLE_DEBUG_INFO = INCLUDE_SOURCE;
				MTL_FAST_MATH = YES;
				ONLY_ACTIVE_ARCH = YES;
				SDKROOT = iphoneos;
				SWIFT_ACTIVE_COMPILATION_CONDITIONS = DEBUG;
				SWIFT_OPTIMIZATION_LEVEL = "-Onone";
			};
			name = Debug;
		};
		66C4737628F4734100160F1B /* Release */ = {
			isa = XCBuildConfiguration;
			buildSettings = {
				ALWAYS_SEARCH_USER_PATHS = NO;
				CLANG_ANALYZER_NONNULL = YES;
				CLANG_ANALYZER_NUMBER_OBJECT_CONVERSION = YES_AGGRESSIVE;
				CLANG_CXX_LANGUAGE_STANDARD = "gnu++20";
				CLANG_ENABLE_MODULES = YES;
				CLANG_ENABLE_OBJC_ARC = YES;
				CLANG_ENABLE_OBJC_WEAK = YES;
				CLANG_WARN_BLOCK_CAPTURE_AUTORELEASING = YES;
				CLANG_WARN_BOOL_CONVERSION = YES;
				CLANG_WARN_COMMA = YES;
				CLANG_WARN_CONSTANT_CONVERSION = YES;
				CLANG_WARN_DEPRECATED_OBJC_IMPLEMENTATIONS = YES;
				CLANG_WARN_DIRECT_OBJC_ISA_USAGE = YES_ERROR;
				CLANG_WARN_DOCUMENTATION_COMMENTS = YES;
				CLANG_WARN_EMPTY_BODY = YES;
				CLANG_WARN_ENUM_CONVERSION = YES;
				CLANG_WARN_INFINITE_RECURSION = YES;
				CLANG_WARN_INT_CONVERSION = YES;
				CLANG_WARN_NON_LITERAL_NULL_CONVERSION = YES;
				CLANG_WARN_OBJC_IMPLICIT_RETAIN_SELF = YES;
				CLANG_WARN_OBJC_LITERAL_CONVERSION = YES;
				CLANG_WARN_OBJC_ROOT_CLASS = YES_ERROR;
				CLANG_WARN_QUOTED_INCLUDE_IN_FRAMEWORK_HEADER = YES;
				CLANG_WARN_RANGE_LOOP_ANALYSIS = YES;
				CLANG_WARN_STRICT_PROTOTYPES = YES;
				CLANG_WARN_SUSPICIOUS_MOVE = YES;
				CLANG_WARN_UNGUARDED_AVAILABILITY = YES_AGGRESSIVE;
				CLANG_WARN_UNREACHABLE_CODE = YES;
				CLANG_WARN__DUPLICATE_METHOD_MATCH = YES;
				COPY_PHASE_STRIP = NO;
				DEBUG_INFORMATION_FORMAT = "dwarf-with-dsym";
				ENABLE_NS_ASSERTIONS = NO;
				ENABLE_STRICT_OBJC_MSGSEND = YES;
				GCC_C_LANGUAGE_STANDARD = gnu11;
				GCC_NO_COMMON_BLOCKS = YES;
				GCC_WARN_64_TO_32_BIT_CONVERSION = YES;
				GCC_WARN_ABOUT_RETURN_TYPE = YES_ERROR;
				GCC_WARN_UNDECLARED_SELECTOR = YES;
				GCC_WARN_UNINITIALIZED_AUTOS = YES_AGGRESSIVE;
				GCC_WARN_UNUSED_FUNCTION = YES;
				GCC_WARN_UNUSED_VARIABLE = YES;
				IPHONEOS_DEPLOYMENT_TARGET = 16.0;
				MTL_ENABLE_DEBUG_INFO = NO;
				MTL_FAST_MATH = YES;
				SDKROOT = iphoneos;
				SWIFT_COMPILATION_MODE = wholemodule;
				SWIFT_OPTIMIZATION_LEVEL = "-O";
				VALIDATE_PRODUCT = YES;
			};
			name = Release;
		};
		66C4737828F4734100160F1B /* Debug */ = {
			isa = XCBuildConfiguration;
			buildSettings = {
				ASSETCATALOG_COMPILER_APPICON_NAME = AppIcon;
				ASSETCATALOG_COMPILER_GLOBAL_ACCENT_COLOR_NAME = AccentColor;
				CODE_SIGN_STYLE = Automatic;
				CURRENT_PROJECT_VERSION = 1;
				DEVELOPMENT_TEAM = K6Q84WLM62;
				GENERATE_INFOPLIST_FILE = YES;
				INFOPLIST_FILE = ApolloToDoList/Info.plist;
				INFOPLIST_KEY_CFBundleDisplayName = ApolloToDoList;
				INFOPLIST_KEY_UIApplicationSupportsIndirectInputEvents = YES;
				INFOPLIST_KEY_UILaunchStoryboardName = LaunchScreen;
				INFOPLIST_KEY_UIMainStoryboardFile = Main;
				INFOPLIST_KEY_UISupportedInterfaceOrientations = UIInterfaceOrientationPortrait;
				LD_RUNPATH_SEARCH_PATHS = (
					"$(inherited)",
					"@executable_path/Frameworks",
				);
				MARKETING_VERSION = 1.0;
				PRODUCT_BUNDLE_IDENTIFIER = com.Apollonoff.ApolloToDoList;
				PRODUCT_NAME = "$(TARGET_NAME)";
				SUPPORTED_PLATFORMS = "iphoneos iphonesimulator";
				SUPPORTS_MACCATALYST = NO;
				SUPPORTS_MAC_DESIGNED_FOR_IPHONE_IPAD = NO;
				SWIFT_EMIT_LOC_STRINGS = YES;
				SWIFT_VERSION = 5.0;
				TARGETED_DEVICE_FAMILY = 1;
			};
			name = Debug;
		};
		66C4737928F4734100160F1B /* Release */ = {
			isa = XCBuildConfiguration;
			buildSettings = {
				ASSETCATALOG_COMPILER_APPICON_NAME = AppIcon;
				ASSETCATALOG_COMPILER_GLOBAL_ACCENT_COLOR_NAME = AccentColor;
				CODE_SIGN_STYLE = Automatic;
				CURRENT_PROJECT_VERSION = 1;
				DEVELOPMENT_TEAM = K6Q84WLM62;
				GENERATE_INFOPLIST_FILE = YES;
				INFOPLIST_FILE = ApolloToDoList/Info.plist;
				INFOPLIST_KEY_CFBundleDisplayName = ApolloToDoList;
				INFOPLIST_KEY_UIApplicationSupportsIndirectInputEvents = YES;
				INFOPLIST_KEY_UILaunchStoryboardName = LaunchScreen;
				INFOPLIST_KEY_UIMainStoryboardFile = Main;
				INFOPLIST_KEY_UISupportedInterfaceOrientations = UIInterfaceOrientationPortrait;
				LD_RUNPATH_SEARCH_PATHS = (
					"$(inherited)",
					"@executable_path/Frameworks",
				);
				MARKETING_VERSION = 1.0;
				PRODUCT_BUNDLE_IDENTIFIER = com.Apollonoff.ApolloToDoList;
				PRODUCT_NAME = "$(TARGET_NAME)";
				SUPPORTED_PLATFORMS = "iphoneos iphonesimulator";
				SUPPORTS_MACCATALYST = NO;
				SUPPORTS_MAC_DESIGNED_FOR_IPHONE_IPAD = NO;
				SWIFT_EMIT_LOC_STRINGS = YES;
				SWIFT_VERSION = 5.0;
				TARGETED_DEVICE_FAMILY = 1;
			};
			name = Release;
		};
/* End XCBuildConfiguration section */

/* Begin XCConfigurationList section */
		66C4735B28F4734000160F1B /* Build configuration list for PBXProject "ApolloToDoList" */ = {
			isa = XCConfigurationList;
			buildConfigurations = (
				66C4737528F4734100160F1B /* Debug */,
				66C4737628F4734100160F1B /* Release */,
			);
			defaultConfigurationIsVisible = 0;
			defaultConfigurationName = Release;
		};
		66C4737728F4734100160F1B /* Build configuration list for PBXNativeTarget "ApolloToDoList" */ = {
			isa = XCConfigurationList;
			buildConfigurations = (
				66C4737828F4734100160F1B /* Debug */,
				66C4737928F4734100160F1B /* Release */,
			);
			defaultConfigurationIsVisible = 0;
			defaultConfigurationName = Release;
		};
/* End XCConfigurationList section */

/* Begin XCVersionGroup section */
		66C4736C28F4734000160F1B /* ApolloToDoList.xcdatamodeld */ = {
			isa = XCVersionGroup;
			children = (
				66C4736D28F4734000160F1B /* ApolloToDoList.xcdatamodel */,
			);
			currentVersion = 66C4736D28F4734000160F1B /* ApolloToDoList.xcdatamodel */;
			path = ApolloToDoList.xcdatamodeld;
			sourceTree = "<group>";
			versionGroupType = wrapper.xcdatamodel;
		};
/* End XCVersionGroup section */
	};
	rootObject = 66C4735828F4734000160F1B /* Project object */;
}
